
Microsoft Visual Studio Solution File, Format Version 12.00
# Visual Studio Version 17
VisualStudioVersion = 17.4.32804.182
MinimumVisualStudioVersion = 10.0.40219.1
Project("{9A19103F-16F7-4668-BE54-9A1E7A4F7556}") = "00-Demo-01-Hello-world", "00-Demo-01-Hello-world\00-Demo-01-Hello-world.csproj", "{3BE7F125-2980-4BFF-9CFD-C4CF9C953DBC}"
EndProject
Project("{9A19103F-16F7-4668-BE54-9A1E7A4F7556}") = "01-Uvod-010-Pozdrav", "01-Uvod-010-Pozdrav\01-Uvod-010-Pozdrav.csproj", "{C9C068C8-E77C-4D4E-AC7E-47B4CDF0806D}"
EndProject
Project("{9A19103F-16F7-4668-BE54-9A1E7A4F7556}") = "01-Uvod-020-Nej_skola", "01-Uvod-020-Nej_skola\01-Uvod-020-Nej_skola.csproj", "{E2CCF147-2679-4C54-A6E6-CA425F5BBB1A}"
EndProject
Project("{9A19103F-16F7-4668-BE54-9A1E7A4F7556}") = "01-Uvod-030-Domaci_vs_hoste", "01-Uvod-030-Domaci_vs_hoste\01-Uvod-030-Domaci_vs_hoste.csproj", "{6B06B0E3-B56B-4B85-B6B6-B850429ED12F}"
EndProject
Project("{9A19103F-16F7-4668-BE54-9A1E7A4F7556}") = "01-Uvod-040-Datove_typy", "01-Uvod-040-Datove_typy\01-Uvod-040-Datove_typy.csproj", "{875BF9AB-C8C7-4DB8-ACE4-E64B12E23319}"
EndProject
Project("{2150E333-8FDC-42A3-9474-1A3956D46DE8}") = "01-Uvod", "01-Uvod", "{453A284A-11A6-4FCE-AD5C-D68A9EBC8D07}"
EndProject
Project("{9A19103F-16F7-4668-BE54-9A1E7A4F7556}") = "01-Uvod-050-Obsah_ctverce", "01-Uvod-050-Obsah_ctverce\01-Uvod-050-Obsah_ctverce.csproj", "{3D42F73F-24B8-438B-9015-115ED8F027B6}"
EndProject
Project("{9A19103F-16F7-4668-BE54-9A1E7A4F7556}") = "01-Uvod-060-Objem_a_povrch_kvadru", "01-Uvod-060-Objem_a_povrch_kvadru\01-Uvod-060-Objem_a_povrch_kvadru.csproj", "{70485DDF-AE21-40C4-986E-2CD4B59DD29B}"
EndProject
Project("{9A19103F-16F7-4668-BE54-9A1E7A4F7556}") = "01-Uvod-070-Obvod_a_obsah_kruhu", "01-Uvod-070-Obvod_a_obsah_kruhu\01-Uvod-070-Obvod_a_obsah_kruhu.csproj", "{A3063EAB-1131-4775-88DB-42F95D885ADA}"
EndProject
Project("{9A19103F-16F7-4668-BE54-9A1E7A4F7556}") = "01-Uvod-080-Pythagorova_veta", "01-Uvod-080-Pythagorova_veta\01-Uvod-080-Pythagorova_veta.csproj", "{C0D619B5-75B0-49E4-AD9A-338D6506A877}"
EndProject
Project("{9A19103F-16F7-4668-BE54-9A1E7A4F7556}") = "01-Uvod-090-Vymena_karet", "01-Uvod-090-Vymena_karet\01-Uvod-090-Vymena_karet.csproj", "{D6495DDE-61E8-41AF-B0DC-FA0C0995B936}"
EndProject
Global
	GlobalSection(SolutionConfigurationPlatforms) = preSolution
		Debug|Any CPU = Debug|Any CPU
		Release|Any CPU = Release|Any CPU
	EndGlobalSection
	GlobalSection(ProjectConfigurationPlatforms) = postSolution
		{3BE7F125-2980-4BFF-9CFD-C4CF9C953DBC}.Debug|Any CPU.ActiveCfg = Debug|Any CPU
		{3BE7F125-2980-4BFF-9CFD-C4CF9C953DBC}.Debug|Any CPU.Build.0 = Debug|Any CPU
		{3BE7F125-2980-4BFF-9CFD-C4CF9C953DBC}.Release|Any CPU.ActiveCfg = Release|Any CPU
		{3BE7F125-2980-4BFF-9CFD-C4CF9C953DBC}.Release|Any CPU.Build.0 = Release|Any CPU
		{C9C068C8-E77C-4D4E-AC7E-47B4CDF0806D}.Debug|Any CPU.ActiveCfg = Debug|Any CPU
		{C9C068C8-E77C-4D4E-AC7E-47B4CDF0806D}.Debug|Any CPU.Build.0 = Debug|Any CPU
		{C9C068C8-E77C-4D4E-AC7E-47B4CDF0806D}.Release|Any CPU.ActiveCfg = Release|Any CPU
		{C9C068C8-E77C-4D4E-AC7E-47B4CDF0806D}.Release|Any CPU.Build.0 = Release|Any CPU
		{E2CCF147-2679-4C54-A6E6-CA425F5BBB1A}.Debug|Any CPU.ActiveCfg = Debug|Any CPU
		{E2CCF147-2679-4C54-A6E6-CA425F5BBB1A}.Debug|Any CPU.Build.0 = Debug|Any CPU
		{E2CCF147-2679-4C54-A6E6-CA425F5BBB1A}.Release|Any CPU.ActiveCfg = Release|Any CPU
		{E2CCF147-2679-4C54-A6E6-CA425F5BBB1A}.Release|Any CPU.Build.0 = Release|Any CPU
		{6B06B0E3-B56B-4B85-B6B6-B850429ED12F}.Debug|Any CPU.ActiveCfg = Debug|Any CPU
		{6B06B0E3-B56B-4B85-B6B6-B850429ED12F}.Debug|Any CPU.Build.0 = Debug|Any CPU
		{6B06B0E3-B56B-4B85-B6B6-B850429ED12F}.Release|Any CPU.ActiveCfg = Release|Any CPU
		{6B06B0E3-B56B-4B85-B6B6-B850429ED12F}.Release|Any CPU.Build.0 = Release|Any CPU
		{875BF9AB-C8C7-4DB8-ACE4-E64B12E23319}.Debug|Any CPU.ActiveCfg = Debug|Any CPU
		{875BF9AB-C8C7-4DB8-ACE4-E64B12E23319}.Debug|Any CPU.Build.0 = Debug|Any CPU
		{875BF9AB-C8C7-4DB8-ACE4-E64B12E23319}.Release|Any CPU.ActiveCfg = Release|Any CPU
		{875BF9AB-C8C7-4DB8-ACE4-E64B12E23319}.Release|Any CPU.Build.0 = Release|Any CPU
		{3D42F73F-24B8-438B-9015-115ED8F027B6}.Debug|Any CPU.ActiveCfg = Debug|Any CPU
		{3D42F73F-24B8-438B-9015-115ED8F027B6}.Debug|Any CPU.Build.0 = Debug|Any CPU
		{3D42F73F-24B8-438B-9015-115ED8F027B6}.Release|Any CPU.ActiveCfg = Release|Any CPU
		{3D42F73F-24B8-438B-9015-115ED8F027B6}.Release|Any CPU.Build.0 = Release|Any CPU
		{70485DDF-AE21-40C4-986E-2CD4B59DD29B}.Debug|Any CPU.ActiveCfg = Debug|Any CPU
		{70485DDF-AE21-40C4-986E-2CD4B59DD29B}.Debug|Any CPU.Build.0 = Debug|Any CPU
		{70485DDF-AE21-40C4-986E-2CD4B59DD29B}.Release|Any CPU.ActiveCfg = Release|Any CPU
		{70485DDF-AE21-40C4-986E-2CD4B59DD29B}.Release|Any CPU.Build.0 = Release|Any CPU
		{A3063EAB-1131-4775-88DB-42F95D885ADA}.Debug|Any CPU.ActiveCfg = Debug|Any CPU
		{A3063EAB-1131-4775-88DB-42F95D885ADA}.Debug|Any CPU.Build.0 = Debug|Any CPU
		{A3063EAB-1131-4775-88DB-42F95D885ADA}.Release|Any CPU.ActiveCfg = Release|Any CPU
		{A3063EAB-1131-4775-88DB-42F95D885ADA}.Release|Any CPU.Build.0 = Release|Any CPU
		{C0D619B5-75B0-49E4-AD9A-338D6506A877}.Debug|Any CPU.ActiveCfg = Debug|Any CPU
		{C0D619B5-75B0-49E4-AD9A-338D6506A877}.Debug|Any CPU.Build.0 = Debug|Any CPU
		{C0D619B5-75B0-49E4-AD9A-338D6506A877}.Release|Any CPU.ActiveCfg = Release|Any CPU
		{C0D619B5-75B0-49E4-AD9A-338D6506A877}.Release|Any CPU.Build.0 = Release|Any CPU
		{D6495DDE-61E8-41AF-B0DC-FA0C0995B936}.Debug|Any CPU.ActiveCfg = Debug|Any CPU
		{D6495DDE-61E8-41AF-B0DC-FA0C0995B936}.Debug|Any CPU.Build.0 = Debug|Any CPU
		{D6495DDE-61E8-41AF-B0DC-FA0C0995B936}.Release|Any CPU.ActiveCfg = Release|Any CPU
		{D6495DDE-61E8-41AF-B0DC-FA0C0995B936}.Release|Any CPU.Build.0 = Release|Any CPU
	EndGlobalSection
	GlobalSection(SolutionProperties) = preSolution
		HideSolutionNode = FALSE
	EndGlobalSection
	GlobalSection(NestedProjects) = preSolution
		{3BE7F125-2980-4BFF-9CFD-C4CF9C953DBC} = {453A284A-11A6-4FCE-AD5C-D68A9EBC8D07}
		{C9C068C8-E77C-4D4E-AC7E-47B4CDF0806D} = {453A284A-11A6-4FCE-AD5C-D68A9EBC8D07}
		{E2CCF147-2679-4C54-A6E6-CA425F5BBB1A} = {453A284A-11A6-4FCE-AD5C-D68A9EBC8D07}
		{6B06B0E3-B56B-4B85-B6B6-B850429ED12F} = {453A284A-11A6-4FCE-AD5C-D68A9EBC8D07}
		{875BF9AB-C8C7-4DB8-ACE4-E64B12E23319} = {453A284A-11A6-4FCE-AD5C-D68A9EBC8D07}
		{3D42F73F-24B8-438B-9015-115ED8F027B6} = {453A284A-11A6-4FCE-AD5C-D68A9EBC8D07}
		{70485DDF-AE21-40C4-986E-2CD4B59DD29B} = {453A284A-11A6-4FCE-AD5C-D68A9EBC8D07}
		{A3063EAB-1131-4775-88DB-42F95D885ADA} = {453A284A-11A6-4FCE-AD5C-D68A9EBC8D07}
		{C0D619B5-75B0-49E4-AD9A-338D6506A877} = {453A284A-11A6-4FCE-AD5C-D68A9EBC8D07}
		{D6495DDE-61E8-41AF-B0DC-FA0C0995B936} = {453A284A-11A6-4FCE-AD5C-D68A9EBC8D07}
	EndGlobalSection
	GlobalSection(ExtensibilityGlobals) = postSolution
		SolutionGuid = {ABAAE733-94BB-4DBC-AAE1-D8A3117300F9}
	EndGlobalSection
EndGlobal
